// !$*UTF8*$!
{
	archiveVersion = 1;
	classes = {
	};
	objectVersion = 50;
	objects = {

/* Begin PBXBuildFile section */
		0441358020DB427400FFE568 /* SZShareViewController.m in Sources */ = {isa = PBXBuildFile; fileRef = 0441357F20DB427400FFE568 /* SZShareViewController.m */; };
		0441358420DB457200FFE568 /* SZNavigationController.m in Sources */ = {isa = PBXBuildFile; fileRef = 0441358320DB457200FFE568 /* SZNavigationController.m */; };
		0441359920DB95C900FFE568 /* InfoPlist.strings in Resources */ = {isa = PBXBuildFile; fileRef = 0441359B20DB95C900FFE568 /* InfoPlist.strings */; };
		0441359F20DB97B400FFE568 /* Localizable.strings in Resources */ = {isa = PBXBuildFile; fileRef = 044135A120DB97B400FFE568 /* Localizable.strings */; };
		044135C520E2232E00FFE568 /* LaunchScreen_en.storyboard in Resources */ = {isa = PBXBuildFile; fileRef = 044135C420E2232E00FFE568 /* LaunchScreen_en.storyboard */; };
		93262FBD20D6D4CA00AE7BF3 /* SZMainViewController.m in Sources */ = {isa = PBXBuildFile; fileRef = 93262FBC20D6D4CA00AE7BF3 /* SZMainViewController.m */; };
		93262FC320D6F74800AE7BF3 /* SZTeaseView.m in Sources */ = {isa = PBXBuildFile; fileRef = 93262FC220D6F74800AE7BF3 /* SZTeaseView.m */; };
		93262FC520D6F75500AE7BF3 /* SZTeaseView.xib in Resources */ = {isa = PBXBuildFile; fileRef = 93262FC420D6F75500AE7BF3 /* SZTeaseView.xib */; };
		93262FC820D7096B00AE7BF3 /* SZPreviewView.m in Sources */ = {isa = PBXBuildFile; fileRef = 93262FC720D7096B00AE7BF3 /* SZPreviewView.m */; };
		93262FCA20D7097F00AE7BF3 /* SZPreviewView.xib in Resources */ = {isa = PBXBuildFile; fileRef = 93262FC920D7097F00AE7BF3 /* SZPreviewView.xib */; };
		93DFE0A0209F46D3002F65DB /* AppDelegate.m in Sources */ = {isa = PBXBuildFile; fileRef = 93DFE09F209F46D3002F65DB /* AppDelegate.m */; };
		93DFE0A6209F46D3002F65DB /* Main.storyboard in Resources */ = {isa = PBXBuildFile; fileRef = 93DFE0A4209F46D3002F65DB /* Main.storyboard */; };
		93DFE0A8209F46D6002F65DB /* Assets.xcassets in Resources */ = {isa = PBXBuildFile; fileRef = 93DFE0A7209F46D6002F65DB /* Assets.xcassets */; };
		93DFE0AB209F46D6002F65DB /* LaunchScreen.storyboard in Resources */ = {isa = PBXBuildFile; fileRef = 93DFE0A9209F46D6002F65DB /* LaunchScreen.storyboard */; };
		93DFE0AE209F46D6002F65DB /* main.m in Sources */ = {isa = PBXBuildFile; fileRef = 93DFE0AD209F46D6002F65DB /* main.m */; };
/* End PBXBuildFile section */

/* Begin PBXFileReference section */
		0441357E20DB427400FFE568 /* SZShareViewController.h */ = {isa = PBXFileReference; lastKnownFileType = sourcecode.c.h; path = SZShareViewController.h; sourceTree = "<group>"; };
		0441357F20DB427400FFE568 /* SZShareViewController.m */ = {isa = PBXFileReference; lastKnownFileType = sourcecode.c.objc; path = SZShareViewController.m; sourceTree = "<group>"; };
		0441358220DB457200FFE568 /* SZNavigationController.h */ = {isa = PBXFileReference; lastKnownFileType = sourcecode.c.h; path = SZNavigationController.h; sourceTree = "<group>"; };
		0441358320DB457200FFE568 /* SZNavigationController.m */ = {isa = PBXFileReference; lastKnownFileType = sourcecode.c.objc; path = SZNavigationController.m; sourceTree = "<group>"; };
		0441358F20DB8EE700FFE568 /* en */ = {isa = PBXFileReference; lastKnownFileType = text.plist.strings; name = en; path = en.lproj/Main.strings; sourceTree = "<group>"; };
		0441359420DB90F800FFE568 /* zh-Hans */ = {isa = PBXFileReference; lastKnownFileType = text.plist.strings; name = "zh-Hans"; path = "zh-Hans.lproj/Main.strings"; sourceTree = "<group>"; };
		0441359A20DB95C900FFE568 /* zh-Hans */ = {isa = PBXFileReference; lastKnownFileType = text.plist.strings; name = "zh-Hans"; path = "zh-Hans.lproj/InfoPlist.strings"; sourceTree = "<group>"; };
		0441359C20DB966600FFE568 /* en */ = {isa = PBXFileReference; lastKnownFileType = text.plist.strings; name = en; path = en.lproj/InfoPlist.strings; sourceTree = "<group>"; };
		044135A220DB97B700FFE568 /* en */ = {isa = PBXFileReference; lastKnownFileType = text.plist.strings; name = en; path = en.lproj/Localizable.strings; sourceTree = "<group>"; };
		044135BD20E21AD000FFE568 /* zh-Hans */ = {isa = PBXFileReference; lastKnownFileType = text.plist.strings; name = "zh-Hans"; path = "zh-Hans.lproj/Localizable.strings"; sourceTree = "<group>"; };
		044135C420E2232E00FFE568 /* LaunchScreen_en.storyboard */ = {isa = PBXFileReference; lastKnownFileType = file.storyboard; path = LaunchScreen_en.storyboard; sourceTree = "<group>"; };
		044135C620E22D2300FFE568 /* Base */ = {isa = PBXFileReference; lastKnownFileType = text.plist.strings; name = Base; path = Base.lproj/InfoPlist.strings; sourceTree = "<group>"; };
		93262FBB20D6D4CA00AE7BF3 /* SZMainViewController.h */ = {isa = PBXFileReference; lastKnownFileType = sourcecode.c.h; path = SZMainViewController.h; sourceTree = "<group>"; };
		93262FBC20D6D4CA00AE7BF3 /* SZMainViewController.m */ = {isa = PBXFileReference; lastKnownFileType = sourcecode.c.objc; path = SZMainViewController.m; sourceTree = "<group>"; };
		93262FC120D6F74800AE7BF3 /* SZTeaseView.h */ = {isa = PBXFileReference; lastKnownFileType = sourcecode.c.h; path = SZTeaseView.h; sourceTree = "<group>"; };
		93262FC220D6F74800AE7BF3 /* SZTeaseView.m */ = {isa = PBXFileReference; lastKnownFileType = sourcecode.c.objc; path = SZTeaseView.m; sourceTree = "<group>"; };
		93262FC420D6F75500AE7BF3 /* SZTeaseView.xib */ = {isa = PBXFileReference; lastKnownFileType = file.xib; path = SZTeaseView.xib; sourceTree = "<group>"; };
		93262FC620D7096B00AE7BF3 /* SZPreviewView.h */ = {isa = PBXFileReference; lastKnownFileType = sourcecode.c.h; path = SZPreviewView.h; sourceTree = "<group>"; };
		93262FC720D7096B00AE7BF3 /* SZPreviewView.m */ = {isa = PBXFileReference; lastKnownFileType = sourcecode.c.objc; path = SZPreviewView.m; sourceTree = "<group>"; };
		93262FC920D7097F00AE7BF3 /* SZPreviewView.xib */ = {isa = PBXFileReference; lastKnownFileType = file.xib; path = SZPreviewView.xib; sourceTree = "<group>"; };
		93DFE09B209F46D3002F65DB /* AddTease.app */ = {isa = PBXFileReference; explicitFileType = wrapper.application; includeInIndex = 0; path = AddTease.app; sourceTree = BUILT_PRODUCTS_DIR; };
		93DFE09E209F46D3002F65DB /* AppDelegate.h */ = {isa = PBXFileReference; lastKnownFileType = sourcecode.c.h; path = AppDelegate.h; sourceTree = "<group>"; };
		93DFE09F209F46D3002F65DB /* AppDelegate.m */ = {isa = PBXFileReference; lastKnownFileType = sourcecode.c.objc; path = AppDelegate.m; sourceTree = "<group>"; };
		93DFE0A5209F46D3002F65DB /* Base */ = {isa = PBXFileReference; lastKnownFileType = file.storyboard; name = Base; path = Base.lproj/Main.storyboard; sourceTree = "<group>"; };
		93DFE0A7209F46D6002F65DB /* Assets.xcassets */ = {isa = PBXFileReference; lastKnownFileType = folder.assetcatalog; path = Assets.xcassets; sourceTree = "<group>"; };
		93DFE0AA209F46D6002F65DB /* Base */ = {isa = PBXFileReference; lastKnownFileType = file.storyboard; name = Base; path = Base.lproj/LaunchScreen.storyboard; sourceTree = "<group>"; };
		93DFE0AC209F46D6002F65DB /* Info.plist */ = {isa = PBXFileReference; lastKnownFileType = text.plist.xml; path = Info.plist; sourceTree = "<group>"; };
		93DFE0AD209F46D6002F65DB /* main.m */ = {isa = PBXFileReference; lastKnownFileType = sourcecode.c.objc; path = main.m; sourceTree = "<group>"; };
/* End PBXFileReference section */

/* Begin PBXFrameworksBuildPhase section */
		93DFE098209F46D3002F65DB /* Frameworks */ = {
			isa = PBXFrameworksBuildPhase;
			buildActionMask = 2147483647;
			files = (
			);
			runOnlyForDeploymentPostprocessing = 0;
		};
/* End PBXFrameworksBuildPhase section */

/* Begin PBXGroup section */
		0441357D20DB421D00FFE568 /* Share */ = {
			isa = PBXGroup;
			children = (
				0441357E20DB427400FFE568 /* SZShareViewController.h */,
				0441357F20DB427400FFE568 /* SZShareViewController.m */,
			);
			path = Share;
			sourceTree = "<group>";
		};
		0441358120DB454900FFE568 /* Navigation */ = {
			isa = PBXGroup;
			children = (
				0441358220DB457200FFE568 /* SZNavigationController.h */,
				0441358320DB457200FFE568 /* SZNavigationController.m */,
			);
			path = Navigation;
			sourceTree = "<group>";
		};
		93262FCB20DA9D6800AE7BF3 /* Preview */ = {
			isa = PBXGroup;
			children = (
				93262FC620D7096B00AE7BF3 /* SZPreviewView.h */,
				93262FC720D7096B00AE7BF3 /* SZPreviewView.m */,
				93262FC920D7097F00AE7BF3 /* SZPreviewView.xib */,
			);
			path = Preview;
			sourceTree = "<group>";
		};
		93262FCC20DA9D7700AE7BF3 /* Tease */ = {
			isa = PBXGroup;
			children = (
				93262FC120D6F74800AE7BF3 /* SZTeaseView.h */,
				93262FC220D6F74800AE7BF3 /* SZTeaseView.m */,
				93262FC420D6F75500AE7BF3 /* SZTeaseView.xib */,
			);
			path = Tease;
			sourceTree = "<group>";
		};
		93262FCD20DA9D8300AE7BF3 /* Main */ = {
			isa = PBXGroup;
			children = (
				93262FBB20D6D4CA00AE7BF3 /* SZMainViewController.h */,
				93262FBC20D6D4CA00AE7BF3 /* SZMainViewController.m */,
			);
			path = Main;
			sourceTree = "<group>";
		};
		93DFE092209F46D3002F65DB = {
			isa = PBXGroup;
			children = (
				93DFE09D209F46D3002F65DB /* AddTease */,
				93DFE09C209F46D3002F65DB /* Products */,
			);
			sourceTree = "<group>";
		};
		93DFE09C209F46D3002F65DB /* Products */ = {
			isa = PBXGroup;
			children = (
				93DFE09B209F46D3002F65DB /* AddTease.app */,
			);
			name = Products;
			sourceTree = "<group>";
		};
		93DFE09D209F46D3002F65DB /* AddTease */ = {
			isa = PBXGroup;
			children = (
				0441358120DB454900FFE568 /* Navigation */,
				93262FCD20DA9D8300AE7BF3 /* Main */,
				93262FCC20DA9D7700AE7BF3 /* Tease */,
				93262FCB20DA9D6800AE7BF3 /* Preview */,
				0441357D20DB421D00FFE568 /* Share */,
				93DFE09E209F46D3002F65DB /* AppDelegate.h */,
				93DFE09F209F46D3002F65DB /* AppDelegate.m */,
				93DFE0A4209F46D3002F65DB /* Main.storyboard */,
				93DFE0A7209F46D6002F65DB /* Assets.xcassets */,
				93DFE0A9209F46D6002F65DB /* LaunchScreen.storyboard */,
				044135C420E2232E00FFE568 /* LaunchScreen_en.storyboard */,
				93DFE0AC209F46D6002F65DB /* Info.plist */,
				0441359B20DB95C900FFE568 /* InfoPlist.strings */,
				044135A120DB97B400FFE568 /* Localizable.strings */,
				93DFE0AD209F46D6002F65DB /* main.m */,
			);
			path = AddTease;
			sourceTree = "<group>";
		};
/* End PBXGroup section */

/* Begin PBXNativeTarget section */
		93DFE09A209F46D3002F65DB /* AddTease */ = {
			isa = PBXNativeTarget;
			buildConfigurationList = 93DFE0B1209F46D6002F65DB /* Build configuration list for PBXNativeTarget "AddTease" */;
			buildPhases = (
				93DFE097209F46D3002F65DB /* Sources */,
				93DFE098209F46D3002F65DB /* Frameworks */,
				93DFE099209F46D3002F65DB /* Resources */,
			);
			buildRules = (
			);
			dependencies = (
			);
			name = AddTease;
			productName = AddTease;
			productReference = 93DFE09B209F46D3002F65DB /* AddTease.app */;
			productType = "com.apple.product-type.application";
		};
/* End PBXNativeTarget section */

/* Begin PBXProject section */
		93DFE093209F46D3002F65DB /* Project object */ = {
			isa = PBXProject;
			attributes = {
				CLASSPREFIX = SZ;
				LastUpgradeCheck = 0930;
				ORGANIZATIONNAME = Smooth;
				TargetAttributes = {
					93DFE09A209F46D3002F65DB = {
						CreatedOnToolsVersion = 9.3;
					};
				};
			};
			buildConfigurationList = 93DFE096209F46D3002F65DB /* Build configuration list for PBXProject "AddTease" */;
			compatibilityVersion = "Xcode 9.3";
			developmentRegion = en;
			hasScannedForEncodings = 0;
			knownRegions = (
				en,
				Base,
				"zh-Hans",
			);
			mainGroup = 93DFE092209F46D3002F65DB;
			productRefGroup = 93DFE09C209F46D3002F65DB /* Products */;
			projectDirPath = "";
			projectRoot = "";
			targets = (
				93DFE09A209F46D3002F65DB /* AddTease */,
			);
		};
/* End PBXProject section */

/* Begin PBXResourcesBuildPhase section */
		93DFE099209F46D3002F65DB /* Resources */ = {
			isa = PBXResourcesBuildPhase;
			buildActionMask = 2147483647;
			files = (
				93DFE0AB209F46D6002F65DB /* LaunchScreen.storyboard in Resources */,
				0441359920DB95C900FFE568 /* InfoPlist.strings in Resources */,
				93262FCA20D7097F00AE7BF3 /* SZPreviewView.xib in Resources */,
				0441359F20DB97B400FFE568 /* Localizable.strings in Resources */,
				93DFE0A8209F46D6002F65DB /* Assets.xcassets in Resources */,
				93262FC520D6F75500AE7BF3 /* SZTeaseView.xib in Resources */,
				044135C520E2232E00FFE568 /* LaunchScreen_en.storyboard in Resources */,
				93DFE0A6209F46D3002F65DB /* Main.storyboard in Resources */,
			);
			runOnlyForDeploymentPostprocessing = 0;
		};
/* End PBXResourcesBuildPhase section */

/* Begin PBXSourcesBuildPhase section */
		93DFE097209F46D3002F65DB /* Sources */ = {
			isa = PBXSourcesBuildPhase;
			buildActionMask = 2147483647;
			files = (
				0441358420DB457200FFE568 /* SZNavigationController.m in Sources */,
				93DFE0AE209F46D6002F65DB /* main.m in Sources */,
				0441358020DB427400FFE568 /* SZShareViewController.m in Sources */,
				93262FBD20D6D4CA00AE7BF3 /* SZMainViewController.m in Sources */,
				93262FC820D7096B00AE7BF3 /* SZPreviewView.m in Sources */,
				93262FC320D6F74800AE7BF3 /* SZTeaseView.m in Sources */,
				93DFE0A0209F46D3002F65DB /* AppDelegate.m in Sources */,
			);
			runOnlyForDeploymentPostprocessing = 0;
		};
/* End PBXSourcesBuildPhase section */

/* Begin PBXVariantGroup section */
		0441359B20DB95C900FFE568 /* InfoPlist.strings */ = {
			isa = PBXVariantGroup;
			children = (
				0441359A20DB95C900FFE568 /* zh-Hans */,
				0441359C20DB966600FFE568 /* en */,
				044135C620E22D2300FFE568 /* Base */,
			);
			name = InfoPlist.strings;
			sourceTree = "<group>";
		};
		044135A120DB97B400FFE568 /* Localizable.strings */ = {
			isa = PBXVariantGroup;
			children = (
				044135A220DB97B700FFE568 /* en */,
				044135BD20E21AD000FFE568 /* zh-Hans */,
			);
			name = Localizable.strings;
			sourceTree = "<group>";
		};
		93DFE0A4209F46D3002F65DB /* Main.storyboard */ = {
			isa = PBXVariantGroup;
			children = (
				93DFE0A5209F46D3002F65DB /* Base */,
				0441358F20DB8EE700FFE568 /* en */,
				0441359420DB90F800FFE568 /* zh-Hans */,
			);
			name = Main.storyboard;
			sourceTree = "<group>";
		};
		93DFE0A9209F46D6002F65DB /* LaunchScreen.storyboard */ = {
			isa = PBXVariantGroup;
			children = (
				93DFE0AA209F46D6002F65DB /* Base */,
			);
			name = LaunchScreen.storyboard;
			sourceTree = "<group>";
		};
/* End PBXVariantGroup section */

/* Begin XCBuildConfiguration section */
		93DFE0AF209F46D6002F65DB /* Debug */ = {
			isa = XCBuildConfiguration;
			buildSettings = {
				ALWAYS_SEARCH_USER_PATHS = NO;
				CLANG_ANALYZER_LOCALIZABILITY_NONLOCALIZED = YES;
				CLANG_ANALYZER_NONNULL = YES;
				CLANG_ANALYZER_NUMBER_OBJECT_CONVERSION = YES_AGGRESSIVE;
				CLANG_CXX_LANGUAGE_STANDARD = "gnu++14";
				CLANG_CXX_LIBRARY = "libc++";
				CLANG_ENABLE_MODULES = YES;
				CLANG_ENABLE_OBJC_ARC = YES;
				CLANG_ENABLE_OBJC_WEAK = YES;
				CLANG_WARN_BLOCK_CAPTURE_AUTORELEASING = YES;
				CLANG_WARN_BOOL_CONVERSION = YES;
				CLANG_WARN_COMMA = YES;
				CLANG_WARN_CONSTANT_CONVERSION = YES;
				CLANG_WARN_DEPRECATED_OBJC_IMPLEMENTATIONS = YES;
				CLANG_WARN_DIRECT_OBJC_ISA_USAGE = YES_ERROR;
				CLANG_WARN_DOCUMENTATION_COMMENTS = YES;
				CLANG_WARN_EMPTY_BODY = YES;
				CLANG_WARN_ENUM_CONVERSION = YES;
				CLANG_WARN_INFINITE_RECURSION = YES;
				CLANG_WARN_INT_CONVERSION = YES;
				CLANG_WARN_NON_LITERAL_NULL_CONVERSION = YES;
				CLANG_WARN_OBJC_IMPLICIT_RETAIN_SELF = YES;
				CLANG_WARN_OBJC_LITERAL_CONVERSION = YES;
				CLANG_WARN_OBJC_ROOT_CLASS = YES_ERROR;
				CLANG_WARN_RANGE_LOOP_ANALYSIS = YES;
				CLANG_WARN_STRICT_PROTOTYPES = YES;
				CLANG_WARN_SUSPICIOUS_MOVE = YES;
				CLANG_WARN_UNGUARDED_AVAILABILITY = YES_AGGRESSIVE;
				CLANG_WARN_UNREACHABLE_CODE = YES;
				CLANG_WARN__DUPLICATE_METHOD_MATCH = YES;
				CODE_SIGN_IDENTITY = "iPhone Developer";
				COPY_PHASE_STRIP = NO;
				DEBUG_INFORMATION_FORMAT = dwarf;
				ENABLE_STRICT_OBJC_MSGSEND = YES;
				ENABLE_TESTABILITY = YES;
				GCC_C_LANGUAGE_STANDARD = gnu11;
				GCC_DYNAMIC_NO_PIC = NO;
				GCC_NO_COMMON_BLOCKS = YES;
				GCC_OPTIMIZATION_LEVEL = 0;
				GCC_PREPROCESSOR_DEFINITIONS = (
					"DEBUG=1",
					"$(inherited)",
				);
				GCC_WARN_64_TO_32_BIT_CONVERSION = YES;
				GCC_WARN_ABOUT_RETURN_TYPE = YES_ERROR;
				GCC_WARN_UNDECLARED_SELECTOR = YES;
				GCC_WARN_UNINITIALIZED_AUTOS = YES_AGGRESSIVE;
				GCC_WARN_UNUSED_FUNCTION = YES;
				GCC_WARN_UNUSED_VARIABLE = YES;
				IPHONEOS_DEPLOYMENT_TARGET = 11.4;
				MTL_ENABLE_DEBUG_INFO = YES;
				ONLY_ACTIVE_ARCH = YES;
				SDKROOT = iphoneos;
			};
			name = Debug;
		};
		93DFE0B0209F46D6002F65DB /* Release */ = {
			isa = XCBuildConfiguration;
			buildSettings = {
				ALWAYS_SEARCH_USER_PATHS = NO;
				CLANG_ANALYZER_LOCALIZABILITY_NONLOCALIZED = YES;
				CLANG_ANALYZER_NONNULL = YES;
				CLANG_ANALYZER_NUMBER_OBJECT_CONVERSION = YES_AGGRESSIVE;
				CLANG_CXX_LANGUAGE_STANDARD = "gnu++14";
				CLANG_CXX_LIBRARY = "libc++";
				CLANG_ENABLE_MODULES = YES;
				CLANG_ENABLE_OBJC_ARC = YES;
				CLANG_ENABLE_OBJC_WEAK = YES;
				CLANG_WARN_BLOCK_CAPTURE_AUTORELEASING = YES;
				CLANG_WARN_BOOL_CONVERSION = YES;
				CLANG_WARN_COMMA = YES;
				CLANG_WARN_CONSTANT_CONVERSION = YES;
				CLANG_WARN_DEPRECATED_OBJC_IMPLEMENTATIONS = YES;
				CLANG_WARN_DIRECT_OBJC_ISA_USAGE = YES_ERROR;
				CLANG_WARN_DOCUMENTATION_COMMENTS = YES;
				CLANG_WARN_EMPTY_BODY = YES;
				CLANG_WARN_ENUM_CONVERSION = YES;
				CLANG_WARN_INFINITE_RECURSION = YES;
				CLANG_WARN_INT_CONVERSION = YES;
				CLANG_WARN_NON_LITERAL_NULL_CONVERSION = YES;
				CLANG_WARN_OBJC_IMPLICIT_RETAIN_SELF = YES;
				CLANG_WARN_OBJC_LITERAL_CONVERSION = YES;
				CLANG_WARN_OBJC_ROOT_CLASS = YES_ERROR;
				CLANG_WARN_RANGE_LOOP_ANALYSIS = YES;
				CLANG_WARN_STRICT_PROTOTYPES = YES;
				CLANG_WARN_SUSPICIOUS_MOVE = YES;
				CLANG_WARN_UNGUARDED_AVAILABILITY = YES_AGGRESSIVE;
				CLANG_WARN_UNREACHABLE_CODE = YES;
				CLANG_WARN__DUPLICATE_METHOD_MATCH = YES;
				CODE_SIGN_IDENTITY = "iPhone Developer";
				COPY_PHASE_STRIP = NO;
				DEBUG_INFORMATION_FORMAT = "dwarf-with-dsym";
				ENABLE_NS_ASSERTIONS = NO;
				ENABLE_STRICT_OBJC_MSGSEND = YES;
				GCC_C_LANGUAGE_STANDARD = gnu11;
				GCC_NO_COMMON_BLOCKS = YES;
				GCC_WARN_64_TO_32_BIT_CONVERSION = YES;
				GCC_WARN_ABOUT_RETURN_TYPE = YES_ERROR;
				GCC_WARN_UNDECLARED_SELECTOR = YES;
				GCC_WARN_UNINITIALIZED_AUTOS = YES_AGGRESSIVE;
				GCC_WARN_UNUSED_FUNCTION = YES;
				GCC_WARN_UNUSED_VARIABLE = YES;
				IPHONEOS_DEPLOYMENT_TARGET = 11.4;
				MTL_ENABLE_DEBUG_INFO = NO;
				SDKROOT = iphoneos;
				VALIDATE_PRODUCT = YES;
			};
			name = Release;
		};
		93DFE0B2209F46D6002F65DB /* Debug */ = {
			isa = XCBuildConfiguration;
			buildSettings = {
				ASSETCATALOG_COMPILER_APPICON_NAME = AppIcon;
				CODE_SIGN_IDENTITY = "iPhone Developer";
				CODE_SIGN_STYLE = Manual;
				DEVELOPMENT_TEAM = 26FD236F5C;
				INFOPLIST_FILE = AddTease/Info.plist;
				IPHONEOS_DEPLOYMENT_TARGET = 9.0;
				LD_RUNPATH_SEARCH_PATHS = (
					"$(inherited)",
					"@executable_path/Frameworks",
				);
				PRODUCT_BUNDLE_IDENTIFIER = com.smoothzhang.AddTease;
				PRODUCT_NAME = "$(TARGET_NAME)";
				PROVISIONING_PROFILE = "c6a3f17f-9dc8-4691-93af-1b86e04855da";
				PROVISIONING_PROFILE_SPECIFIER = AddTeaseDev;
				TARGETED_DEVICE_FAMILY = 1;
			};
			name = Debug;
		};
		93DFE0B3209F46D6002F65DB /* Release */ = {
			isa = XCBuildConfiguration;
			buildSettings = {
				ASSETCATALOG_COMPILER_APPICON_NAME = AppIcon;
				CODE_SIGN_IDENTITY = "iPhone Distribution";
				CODE_SIGN_STYLE = Manual;
				DEVELOPMENT_TEAM = 26FD236F5C;
				INFOPLIST_FILE = AddTease/Info.plist;
				IPHONEOS_DEPLOYMENT_TARGET = 9.0;
				LD_RUNPATH_SEARCH_PATHS = (
					"$(inherited)",
					"@executable_path/Frameworks",
				);
				PRODUCT_BUNDLE_IDENTIFIER = com.smoothzhang.AddTease;
				PRODUCT_NAME = "$(TARGET_NAME)";
				PROVISIONING_PROFILE = "815f52a3-d8b7-4bb6-9729-ff538f854056";
				PROVISIONING_PROFILE_SPECIFIER = AddTease;
				TARGETED_DEVICE_FAMILY = 1;
			};
			name = Release;
		};
/* End XCBuildConfiguration section */

/* Begin XCConfigurationList section */
		93DFE096209F46D3002F65DB /* Build configuration list for PBXProject "AddTease" */ = {
			isa = XCConfigurationList;
			buildConfigurations = (
				93DFE0AF209F46D6002F65DB /* Debug */,
				93DFE0B0209F46D6002F65DB /* Release */,
			);
			defaultConfigurationIsVisible = 0;
			defaultConfigurationName = Release;
		};
		93DFE0B1209F46D6002F65DB /* Build configuration list for PBXNativeTarget "AddTease" */ = {
			isa = XCConfigurationList;
			buildConfigurations = (
				93DFE0B2209F46D6002F65DB /* Debug */,
				93DFE0B3209F46D6002F65DB /* Release */,
			);
			defaultConfigurationIsVisible = 0;
			defaultConfigurationName = Release;
		};
/* End XCConfigurationList section */
	};
	rootObject = 93DFE093209F46D3002F65DB /* Project object */;
}
